
Microsoft Visual Studio Solution File, Format Version 12.00
# Visual Studio Version 16
VisualStudioVersion = 16.0.30804.86
MinimumVisualStudioVersion = 10.0.40219.1
Project("{FAE04EC0-301F-11D3-BF4B-00C04F79EFBC}") = "LearningApp", "LearningApp\LearningApp.csproj", "{318D4D31-E9E7-499E-8A51-F7CE42875747}"
EndProject
Project("{FAE04EC0-301F-11D3-BF4B-00C04F79EFBC}") = "WpfTreeView", "WpfTreeView\WpfTreeView.csproj", "{C48C8F10-67A2-4642-BC95-D0DEE7FE99FB}"
EndProject
Global
	GlobalSection(SolutionConfigurationPlatforms) = preSolution
		Debug|Any CPU = Debug|Any CPU
		Release|Any CPU = Release|Any CPU
	EndGlobalSection
	GlobalSection(ProjectConfigurationPlatforms) = postSolution
		{318D4D31-E9E7-499E-8A51-F7CE42875747}.Debug|Any CPU.ActiveCfg = Debug|Any CPU
		{318D4D31-E9E7-499E-8A51-F7CE42875747}.Debug|Any CPU.Build.0 = Debug|Any CPU
		{318D4D31-E9E7-499E-8A51-F7CE42875747}.Release|Any CPU.ActiveCfg = Release|Any CPU
		{318D4D31-E9E7-499E-8A51-F7CE42875747}.Release|Any CPU.Build.0 = Release|Any CPU
		{C48C8F10-67A2-4642-BC95-D0DEE7FE99FB}.Debug|Any CPU.ActiveCfg = Debug|Any CPU
		{C48C8F10-67A2-4642-BC95-D0DEE7FE99FB}.Debug|Any CPU.Build.0 = Debug|Any CPU
		{C48C8F10-67A2-4642-BC95-D0DEE7FE99FB}.Release|Any CPU.ActiveCfg = Release|Any CPU
		{C48C8F10-67A2-4642-BC95-D0DEE7FE99FB}.Release|Any CPU.Build.0 = Release|Any CPU
	EndGlobalSection
	GlobalSection(SolutionProperties) = preSolution
		HideSolutionNode = FALSE
	EndGlobalSection
	GlobalSection(ExtensibilityGlobals) = postSolution
		SolutionGuid = {14D8AD9D-01F5-4428-A51E-6C3179BAF376}
	EndGlobalSection
EndGlobal
